// !$*UTF8*$!
{
	archiveVersion = 1;
	classes = {
	};
	objectVersion = 46;
	objects = {

/* Begin PBXBuildFile section */
		552AFEB718F922BB00EA626E /* CategoryView.m in Sources */ = {isa = PBXBuildFile; fileRef = 552AFEB618F922BB00EA626E /* CategoryView.m */; };
		552AFEBA18F9245800EA626E /* UIView+Decoration.m in Sources */ = {isa = PBXBuildFile; fileRef = 552AFEB918F9245800EA626E /* UIView+Decoration.m */; };
		552AFEC318F9877C00EA626E /* FrustrationShakeViewController.xib in Resources */ = {isa = PBXBuildFile; fileRef = 552AFEBE18F9877C00EA626E /* FrustrationShakeViewController.xib */; };
		552AFEC418F9877C00EA626E /* Graphic_PhoneShake.png in Resources */ = {isa = PBXBuildFile; fileRef = 552AFEBF18F9877C00EA626E /* Graphic_PhoneShake.png */; };
		552AFEC518F9877C00EA626E /* UIViewController+FrustrationShake.m in Sources */ = {isa = PBXBuildFile; fileRef = 552AFEC118F9877C00EA626E /* UIViewController+FrustrationShake.m */; };
		552AFEC918F9885200EA626E /* HelpShakeViewController.m in Sources */ = {isa = PBXBuildFile; fileRef = 552AFEC718F9885200EA626E /* HelpShakeViewController.m */; };
		552AFECA18F9885200EA626E /* HelpShakeViewController_Game.xib in Resources */ = {isa = PBXBuildFile; fileRef = 552AFEC818F9885200EA626E /* HelpShakeViewController_Game.xib */; };
		552AFECC18F9908C00EA626E /* HelpShakeViewController_Questions.xib in Resources */ = {isa = PBXBuildFile; fileRef = 552AFECB18F9908C00EA626E /* HelpShakeViewController_Questions.xib */; };
		552AFECE18F9A94B00EA626E /* HelpShakeViewController_TimeLineCanvas.xib in Resources */ = {isa = PBXBuildFile; fileRef = 552AFECD18F9A94B00EA626E /* HelpShakeViewController_TimeLineCanvas.xib */; };
		552AFED318F9B52000EA626E /* QuartzCore.framework in Frameworks */ = {isa = PBXBuildFile; fileRef = 552AFED218F9B52000EA626E /* QuartzCore.framework */; };
		554F837418F89D0B00EFA004 /* RotationTabBarController.m in Sources */ = {isa = PBXBuildFile; fileRef = 554F837318F89D0B00EFA004 /* RotationTabBarController.m */; };
		555F5D6818EF02D2000950CA /* Foundation.framework in Frameworks */ = {isa = PBXBuildFile; fileRef = 555F5D6718EF02D2000950CA /* Foundation.framework */; };
		555F5D6A18EF02D2000950CA /* CoreGraphics.framework in Frameworks */ = {isa = PBXBuildFile; fileRef = 555F5D6918EF02D2000950CA /* CoreGraphics.framework */; };
		555F5D6C18EF02D2000950CA /* UIKit.framework in Frameworks */ = {isa = PBXBuildFile; fileRef = 555F5D6B18EF02D2000950CA /* UIKit.framework */; };
		555F5D7218EF02D2000950CA /* InfoPlist.strings in Resources */ = {isa = PBXBuildFile; fileRef = 555F5D7018EF02D2000950CA /* InfoPlist.strings */; };
		555F5D7418EF02D2000950CA /* main.m in Sources */ = {isa = PBXBuildFile; fileRef = 555F5D7318EF02D2000950CA /* main.m */; };
		555F5D7818EF02D2000950CA /* AppDelegate.m in Sources */ = {isa = PBXBuildFile; fileRef = 555F5D7718EF02D2000950CA /* AppDelegate.m */; };
		555F5D7B18EF02D2000950CA /* Main.storyboard in Resources */ = {isa = PBXBuildFile; fileRef = 555F5D7918EF02D2000950CA /* Main.storyboard */; };
		555F5D8018EF02D2000950CA /* Images.xcassets in Resources */ = {isa = PBXBuildFile; fileRef = 555F5D7F18EF02D2000950CA /* Images.xcassets */; };
		555F5D8718EF02D2000950CA /* XCTest.framework in Frameworks */ = {isa = PBXBuildFile; fileRef = 555F5D8618EF02D2000950CA /* XCTest.framework */; };
		555F5D8818EF02D2000950CA /* Foundation.framework in Frameworks */ = {isa = PBXBuildFile; fileRef = 555F5D6718EF02D2000950CA /* Foundation.framework */; };
		555F5D8918EF02D2000950CA /* UIKit.framework in Frameworks */ = {isa = PBXBuildFile; fileRef = 555F5D6B18EF02D2000950CA /* UIKit.framework */; };
		555F5D9118EF02D2000950CA /* InfoPlist.strings in Resources */ = {isa = PBXBuildFile; fileRef = 555F5D8F18EF02D2000950CA /* InfoPlist.strings */; };
		555F5D9318EF02D2000950CA /* WWDC14Tests.m in Sources */ = {isa = PBXBuildFile; fileRef = 555F5D9218EF02D2000950CA /* WWDC14Tests.m */; };
		555F5DA818EF172A000950CA /* GridView.m in Sources */ = {isa = PBXBuildFile; fileRef = 555F5DA718EF172A000950CA /* GridView.m */; };
		555F5DB018EF1CE4000950CA /* Game.m in Sources */ = {isa = PBXBuildFile; fileRef = 555F5DAF18EF1CE4000950CA /* Game.m */; };
		555F5DB318EF1D11000950CA /* Question.m in Sources */ = {isa = PBXBuildFile; fileRef = 555F5DB218EF1D11000950CA /* Question.m */; };
		555F5DB618EF1E6C000950CA /* MultipleChoiceQuestion.m in Sources */ = {isa = PBXBuildFile; fileRef = 555F5DB518EF1E6C000950CA /* MultipleChoiceQuestion.m */; };
		555F5DB918EFE097000950CA /* PuzzleGameGridView.m in Sources */ = {isa = PBXBuildFile; fileRef = 555F5DB818EFE097000950CA /* PuzzleGameGridView.m */; };
		555F5DBC18EFE6A2000950CA /* LocationQuestion.m in Sources */ = {isa = PBXBuildFile; fileRef = 555F5DBB18EFE6A2000950CA /* LocationQuestion.m */; };
		555F5DBF18EFE7EC000950CA /* GameViewController.m in Sources */ = {isa = PBXBuildFile; fileRef = 555F5DBE18EFE7EC000950CA /* GameViewController.m */; };
		555F5DC218EFEC40000950CA /* QuestionViewController.m in Sources */ = {isa = PBXBuildFile; fileRef = 555F5DC118EFEC40000950CA /* QuestionViewController.m */; };
		555F5DC418EFEDE8000950CA /* LocationQuestionViewController.xib in Resources */ = {isa = PBXBuildFile; fileRef = 555F5DC318EFEDE8000950CA /* LocationQuestionViewController.xib */; };
		555F5DC718EFF044000950CA /* MultipleChoiceQuestionViewController.m in Sources */ = {isa = PBXBuildFile; fileRef = 555F5DC618EFF044000950CA /* MultipleChoiceQuestionViewController.m */; };
		555F5DCA18EFF06D000950CA /* LocationQuestionViewController.m in Sources */ = {isa = PBXBuildFile; fileRef = 555F5DC918EFF06D000950CA /* LocationQuestionViewController.m */; };
		555F5DCC18EFF3D5000950CA /* MultipleChoiceQuestionViewController.xib in Resources */ = {isa = PBXBuildFile; fileRef = 555F5DCB18EFF3D5000950CA /* MultipleChoiceQuestionViewController.xib */; };
		555F5DCE18EFF78B000950CA /* Questions.plist in Resources */ = {isa = PBXBuildFile; fileRef = 555F5DCD18EFF78B000950CA /* Questions.plist */; };
		555F5DD218EFF8FF000950CA /* QuestionReader.m in Sources */ = {isa = PBXBuildFile; fileRef = 555F5DD118EFF8FF000950CA /* QuestionReader.m */; };
		555F5DD718F33CD2000950CA /* NSArray+Util.m in Sources */ = {isa = PBXBuildFile; fileRef = 555F5DD618F33CD2000950CA /* NSArray+Util.m */; };
		555F5DDC18F356B3000950CA /* QuestionView.m in Sources */ = {isa = PBXBuildFile; fileRef = 555F5DDB18F356B3000950CA /* QuestionView.m */; };
		555F5DE018F3D70D000950CA /* MapKit.framework in Frameworks */ = {isa = PBXBuildFile; fileRef = 555F5DDF18F3D70D000950CA /* MapKit.framework */; };
		55C7A1CE18F81B960077BBF0 /* UIImage+Crop.m in Sources */ = {isa = PBXBuildFile; fileRef = 55C7A1CD18F81B960077BBF0 /* UIImage+Crop.m */; };
		55E00A8518F44095007E97A6 /* NegativeReplies.plist in Resources */ = {isa = PBXBuildFile; fileRef = 55E00A8418F44095007E97A6 /* NegativeReplies.plist */; };
		55E00A8718F4449A007E97A6 /* PositiveReplies.plist in Resources */ = {isa = PBXBuildFile; fileRef = 55E00A8618F4449A007E97A6 /* PositiveReplies.plist */; };
		55E00A8A18F44727007E97A6 /* ReplyReader.m in Sources */ = {isa = PBXBuildFile; fileRef = 55E00A8918F44727007E97A6 /* ReplyReader.m */; };
		55E00A8D18F458F0007E97A6 /* UIViewController+Alerts.m in Sources */ = {isa = PBXBuildFile; fileRef = 55E00A8C18F458F0007E97A6 /* UIViewController+Alerts.m */; };
		55E00A9218F4628D007E97A6 /* ImageProvider.m in Sources */ = {isa = PBXBuildFile; fileRef = 55E00A9118F4628D007E97A6 /* ImageProvider.m */; };
		55E00A9518F46704007E97A6 /* UIImage+Split.m in Sources */ = {isa = PBXBuildFile; fileRef = 55E00A9418F46704007E97A6 /* UIImage+Split.m */; };
		55E00A9B18F46E6A007E97A6 /* PuzzleBackgrounds.xcassets in Resources */ = {isa = PBXBuildFile; fileRef = 55E00A9A18F46E6A007E97A6 /* PuzzleBackgrounds.xcassets */; };
		55E00A9E18F485F3007E97A6 /* PuzzlePiece.m in Sources */ = {isa = PBXBuildFile; fileRef = 55E00A9D18F485F3007E97A6 /* PuzzlePiece.m */; };
		55E00AA118F49E8C007E97A6 /* MapAnnotation.m in Sources */ = {isa = PBXBuildFile; fileRef = 55E00AA018F49E8C007E97A6 /* MapAnnotation.m */; };
		55EE1BF318F581CF00B8A737 /* TimeLineCanvasViewController.m in Sources */ = {isa = PBXBuildFile; fileRef = 55EE1BF218F581CF00B8A737 /* TimeLineCanvasViewController.m */; };
		55EE1BF618F582FB00B8A737 /* TimeLineCanvas.m in Sources */ = {isa = PBXBuildFile; fileRef = 55EE1BF518F582FB00B8A737 /* TimeLineCanvas.m */; };
		55EE1BFB18F583C900B8A737 /* Story.m in Sources */ = {isa = PBXBuildFile; fileRef = 55EE1BFA18F583C900B8A737 /* Story.m */; };
		55EE1BFE18F585D000B8A737 /* TimeLineView.m in Sources */ = {isa = PBXBuildFile; fileRef = 55EE1BFD18F585D000B8A737 /* TimeLineView.m */; };
		55EE1C0418F5970B00B8A737 /* StoryThumbnail.m in Sources */ = {isa = PBXBuildFile; fileRef = 55EE1C0318F5970B00B8A737 /* StoryThumbnail.m */; };
		55EE1C0818F5A07A00B8A737 /* UIView+FrameModification.m in Sources */ = {isa = PBXBuildFile; fileRef = 55EE1C0718F5A07A00B8A737 /* UIView+FrameModification.m */; };
		55EE1C0A18F5A9C600B8A737 /* Stories.xcassets in Resources */ = {isa = PBXBuildFile; fileRef = 55EE1C0918F5A9C600B8A737 /* Stories.xcassets */; };
		55EE1C0C18F5AC6A00B8A737 /* Stories.plist in Resources */ = {isa = PBXBuildFile; fileRef = 55EE1C0B18F5AC6A00B8A737 /* Stories.plist */; };
		55EE1C0F18F5AEAE00B8A737 /* StoryBuilder.m in Sources */ = {isa = PBXBuildFile; fileRef = 55EE1C0E18F5AEAE00B8A737 /* StoryBuilder.m */; };
		55EE1C1518F5EA6800B8A737 /* StoryViewController.m in Sources */ = {isa = PBXBuildFile; fileRef = 55EE1C1418F5EA6800B8A737 /* StoryViewController.m */; };
		55EE1C1718F5EAA200B8A737 /* StoryViewController.xib in Resources */ = {isa = PBXBuildFile; fileRef = 55EE1C1618F5EAA200B8A737 /* StoryViewController.xib */; };
/* End PBXBuildFile section */

/* Begin PBXContainerItemProxy section */
		555F5D8A18EF02D2000950CA /* PBXContainerItemProxy */ = {
			isa = PBXContainerItemProxy;
			containerPortal = 555F5D5C18EF02D1000950CA /* Project object */;
			proxyType = 1;
			remoteGlobalIDString = 555F5D6318EF02D1000950CA;
			remoteInfo = WWDC14;
		};
/* End PBXContainerItemProxy section */

/* Begin PBXFileReference section */
		552AFEB518F922BB00EA626E /* CategoryView.h */ = {isa = PBXFileReference; fileEncoding = 4; lastKnownFileType = sourcecode.c.h; path = CategoryView.h; sourceTree = "<group>"; };
		552AFEB618F922BB00EA626E /* CategoryView.m */ = {isa = PBXFileReference; fileEncoding = 4; lastKnownFileType = sourcecode.c.objc; path = CategoryView.m; sourceTree = "<group>"; };
		552AFEB818F9245800EA626E /* UIView+Decoration.h */ = {isa = PBXFileReference; fileEncoding = 4; lastKnownFileType = sourcecode.c.h; path = "UIView+Decoration.h"; sourceTree = "<group>"; };
		552AFEB918F9245800EA626E /* UIView+Decoration.m */ = {isa = PBXFileReference; fileEncoding = 4; lastKnownFileType = sourcecode.c.objc; path = "UIView+Decoration.m"; sourceTree = "<group>"; };
		552AFEBE18F9877C00EA626E /* FrustrationShakeViewController.xib */ = {isa = PBXFileReference; fileEncoding = 4; lastKnownFileType = file.xib; path = FrustrationShakeViewController.xib; sourceTree = "<group>"; };
		552AFEBF18F9877C00EA626E /* Graphic_PhoneShake.png */ = {isa = PBXFileReference; lastKnownFileType = image.png; path = Graphic_PhoneShake.png; sourceTree = "<group>"; };
		552AFEC018F9877C00EA626E /* UIViewController+FrustrationShake.h */ = {isa = PBXFileReference; fileEncoding = 4; lastKnownFileType = sourcecode.c.h; path = "UIViewController+FrustrationShake.h"; sourceTree = "<group>"; };
		552AFEC118F9877C00EA626E /* UIViewController+FrustrationShake.m */ = {isa = PBXFileReference; fileEncoding = 4; lastKnownFileType = sourcecode.c.objc; path = "UIViewController+FrustrationShake.m"; sourceTree = "<group>"; };
		552AFEC618F9885200EA626E /* HelpShakeViewController.h */ = {isa = PBXFileReference; fileEncoding = 4; lastKnownFileType = sourcecode.c.h; path = HelpShakeViewController.h; sourceTree = "<group>"; };
		552AFEC718F9885200EA626E /* HelpShakeViewController.m */ = {isa = PBXFileReference; fileEncoding = 4; lastKnownFileType = sourcecode.c.objc; path = HelpShakeViewController.m; sourceTree = "<group>"; };
		552AFEC818F9885200EA626E /* HelpShakeViewController_Game.xib */ = {isa = PBXFileReference; fileEncoding = 4; lastKnownFileType = file.xib; path = HelpShakeViewController_Game.xib; sourceTree = "<group>"; };
		552AFECB18F9908C00EA626E /* HelpShakeViewController_Questions.xib */ = {isa = PBXFileReference; fileEncoding = 4; lastKnownFileType = file.xib; path = HelpShakeViewController_Questions.xib; sourceTree = "<group>"; };
		552AFECD18F9A94B00EA626E /* HelpShakeViewController_TimeLineCanvas.xib */ = {isa = PBXFileReference; fileEncoding = 4; lastKnownFileType = file.xib; path = HelpShakeViewController_TimeLineCanvas.xib; sourceTree = "<group>"; };
		552AFED218F9B52000EA626E /* QuartzCore.framework */ = {isa = PBXFileReference; lastKnownFileType = wrapper.framework; name = QuartzCore.framework; path = System/Library/Frameworks/QuartzCore.framework; sourceTree = SDKROOT; };
		554F837218F89D0B00EFA004 /* RotationTabBarController.h */ = {isa = PBXFileReference; fileEncoding = 4; lastKnownFileType = sourcecode.c.h; path = RotationTabBarController.h; sourceTree = "<group>"; };
		554F837318F89D0B00EFA004 /* RotationTabBarController.m */ = {isa = PBXFileReference; fileEncoding = 4; lastKnownFileType = sourcecode.c.objc; path = RotationTabBarController.m; sourceTree = "<group>"; };
		555F5D6418EF02D1000950CA /* Puzzle Me.app */ = {isa = PBXFileReference; explicitFileType = wrapper.application; includeInIndex = 0; path = "Puzzle Me.app"; sourceTree = BUILT_PRODUCTS_DIR; };
		555F5D6718EF02D2000950CA /* Foundation.framework */ = {isa = PBXFileReference; lastKnownFileType = wrapper.framework; name = Foundation.framework; path = System/Library/Frameworks/Foundation.framework; sourceTree = SDKROOT; };
		555F5D6918EF02D2000950CA /* CoreGraphics.framework */ = {isa = PBXFileReference; lastKnownFileType = wrapper.framework; name = CoreGraphics.framework; path = System/Library/Frameworks/CoreGraphics.framework; sourceTree = SDKROOT; };
		555F5D6B18EF02D2000950CA /* UIKit.framework */ = {isa = PBXFileReference; lastKnownFileType = wrapper.framework; name = UIKit.framework; path = System/Library/Frameworks/UIKit.framework; sourceTree = SDKROOT; };
		555F5D6F18EF02D2000950CA /* WWDC14-Info.plist */ = {isa = PBXFileReference; lastKnownFileType = text.plist.xml; path = "WWDC14-Info.plist"; sourceTree = "<group>"; };
		555F5D7118EF02D2000950CA /* en */ = {isa = PBXFileReference; lastKnownFileType = text.plist.strings; name = en; path = en.lproj/InfoPlist.strings; sourceTree = "<group>"; };
		555F5D7318EF02D2000950CA /* main.m */ = {isa = PBXFileReference; lastKnownFileType = sourcecode.c.objc; path = main.m; sourceTree = "<group>"; };
		555F5D7518EF02D2000950CA /* WWDC14-Prefix.pch */ = {isa = PBXFileReference; lastKnownFileType = sourcecode.c.h; path = "WWDC14-Prefix.pch"; sourceTree = "<group>"; };
		555F5D7618EF02D2000950CA /* AppDelegate.h */ = {isa = PBXFileReference; lastKnownFileType = sourcecode.c.h; path = AppDelegate.h; sourceTree = "<group>"; };
		555F5D7718EF02D2000950CA /* AppDelegate.m */ = {isa = PBXFileReference; lastKnownFileType = sourcecode.c.objc; path = AppDelegate.m; sourceTree = "<group>"; };
		555F5D7A18EF02D2000950CA /* Base */ = {isa = PBXFileReference; lastKnownFileType = file.storyboard; name = Base; path = Base.lproj/Main.storyboard; sourceTree = "<group>"; };
		555F5D7F18EF02D2000950CA /* Images.xcassets */ = {isa = PBXFileReference; lastKnownFileType = folder.assetcatalog; path = Images.xcassets; sourceTree = "<group>"; };
		555F5D8518EF02D2000950CA /* WWDC14Tests.xctest */ = {isa = PBXFileReference; explicitFileType = wrapper.cfbundle; includeInIndex = 0; path = WWDC14Tests.xctest; sourceTree = BUILT_PRODUCTS_DIR; };
		555F5D8618EF02D2000950CA /* XCTest.framework */ = {isa = PBXFileReference; lastKnownFileType = wrapper.framework; name = XCTest.framework; path = Library/Frameworks/XCTest.framework; sourceTree = DEVELOPER_DIR; };
		555F5D8E18EF02D2000950CA /* WWDC14Tests-Info.plist */ = {isa = PBXFileReference; lastKnownFileType = text.plist.xml; path = "WWDC14Tests-Info.plist"; sourceTree = "<group>"; };
		555F5D9018EF02D2000950CA /* en */ = {isa = PBXFileReference; lastKnownFileType = text.plist.strings; name = en; path = en.lproj/InfoPlist.strings; sourceTree = "<group>"; };
		555F5D9218EF02D2000950CA /* WWDC14Tests.m */ = {isa = PBXFileReference; lastKnownFileType = sourcecode.c.objc; path = WWDC14Tests.m; sourceTree = "<group>"; };
		555F5DA218EF12DD000950CA /* GridViewSelection.h */ = {isa = PBXFileReference; lastKnownFileType = sourcecode.c.h; path = GridViewSelection.h; sourceTree = "<group>"; };
		555F5DA618EF172A000950CA /* GridView.h */ = {isa = PBXFileReference; fileEncoding = 4; lastKnownFileType = sourcecode.c.h; path = GridView.h; sourceTree = "<group>"; };
		555F5DA718EF172A000950CA /* GridView.m */ = {isa = PBXFileReference; fileEncoding = 4; lastKnownFileType = sourcecode.c.objc; path = GridView.m; sourceTree = "<group>"; };
		555F5DAE18EF1CE4000950CA /* Game.h */ = {isa = PBXFileReference; fileEncoding = 4; lastKnownFileType = sourcecode.c.h; path = Game.h; sourceTree = "<group>"; };
		555F5DAF18EF1CE4000950CA /* Game.m */ = {isa = PBXFileReference; fileEncoding = 4; lastKnownFileType = sourcecode.c.objc; path = Game.m; sourceTree = "<group>"; };
		555F5DB118EF1D11000950CA /* Question.h */ = {isa = PBXFileReference; fileEncoding = 4; lastKnownFileType = sourcecode.c.h; path = Question.h; sourceTree = "<group>"; };
		555F5DB218EF1D11000950CA /* Question.m */ = {isa = PBXFileReference; fileEncoding = 4; lastKnownFileType = sourcecode.c.objc; path = Question.m; sourceTree = "<group>"; };
		555F5DB418EF1E6C000950CA /* MultipleChoiceQuestion.h */ = {isa = PBXFileReference; fileEncoding = 4; lastKnownFileType = sourcecode.c.h; path = MultipleChoiceQuestion.h; sourceTree = "<group>"; };
		555F5DB518EF1E6C000950CA /* MultipleChoiceQuestion.m */ = {isa = PBXFileReference; fileEncoding = 4; lastKnownFileType = sourcecode.c.objc; path = MultipleChoiceQuestion.m; sourceTree = "<group>"; };
		555F5DB718EFE097000950CA /* PuzzleGameGridView.h */ = {isa = PBXFileReference; fileEncoding = 4; lastKnownFileType = sourcecode.c.h; path = PuzzleGameGridView.h; sourceTree = "<group>"; };
		555F5DB818EFE097000950CA /* PuzzleGameGridView.m */ = {isa = PBXFileReference; fileEncoding = 4; lastKnownFileType = sourcecode.c.objc; path = PuzzleGameGridView.m; sourceTree = "<group>"; };
		555F5DBA18EFE6A2000950CA /* LocationQuestion.h */ = {isa = PBXFileReference; fileEncoding = 4; lastKnownFileType = sourcecode.c.h; path = LocationQuestion.h; sourceTree = "<group>"; };
		555F5DBB18EFE6A2000950CA /* LocationQuestion.m */ = {isa = PBXFileReference; fileEncoding = 4; lastKnownFileType = sourcecode.c.objc; path = LocationQuestion.m; sourceTree = "<group>"; };
		555F5DBD18EFE7EC000950CA /* GameViewController.h */ = {isa = PBXFileReference; fileEncoding = 4; lastKnownFileType = sourcecode.c.h; path = GameViewController.h; sourceTree = "<group>"; };
		555F5DBE18EFE7EC000950CA /* GameViewController.m */ = {isa = PBXFileReference; fileEncoding = 4; lastKnownFileType = sourcecode.c.objc; path = GameViewController.m; sourceTree = "<group>"; };
		555F5DC018EFEC40000950CA /* QuestionViewController.h */ = {isa = PBXFileReference; fileEncoding = 4; lastKnownFileType = sourcecode.c.h; path = QuestionViewController.h; sourceTree = "<group>"; };
		555F5DC118EFEC40000950CA /* QuestionViewController.m */ = {isa = PBXFileReference; fileEncoding = 4; lastKnownFileType = sourcecode.c.objc; path = QuestionViewController.m; sourceTree = "<group>"; };
		555F5DC318EFEDE8000950CA /* LocationQuestionViewController.xib */ = {isa = PBXFileReference; fileEncoding = 4; lastKnownFileType = file.xib; path = LocationQuestionViewController.xib; sourceTree = "<group>"; };
		555F5DC518EFF044000950CA /* MultipleChoiceQuestionViewController.h */ = {isa = PBXFileReference; fileEncoding = 4; lastKnownFileType = sourcecode.c.h; path = MultipleChoiceQuestionViewController.h; sourceTree = "<group>"; };
		555F5DC618EFF044000950CA /* MultipleChoiceQuestionViewController.m */ = {isa = PBXFileReference; fileEncoding = 4; lastKnownFileType = sourcecode.c.objc; path = MultipleChoiceQuestionViewController.m; sourceTree = "<group>"; };
		555F5DC818EFF06D000950CA /* LocationQuestionViewController.h */ = {isa = PBXFileReference; fileEncoding = 4; lastKnownFileType = sourcecode.c.h; path = LocationQuestionViewController.h; sourceTree = "<group>"; };
		555F5DC918EFF06D000950CA /* LocationQuestionViewController.m */ = {isa = PBXFileReference; fileEncoding = 4; lastKnownFileType = sourcecode.c.objc; path = LocationQuestionViewController.m; sourceTree = "<group>"; };
		555F5DCB18EFF3D5000950CA /* MultipleChoiceQuestionViewController.xib */ = {isa = PBXFileReference; fileEncoding = 4; lastKnownFileType = file.xib; path = MultipleChoiceQuestionViewController.xib; sourceTree = "<group>"; };
		555F5DCD18EFF78B000950CA /* Questions.plist */ = {isa = PBXFileReference; fileEncoding = 4; lastKnownFileType = text.plist.xml; path = Questions.plist; sourceTree = "<group>"; };
		555F5DD018EFF8FF000950CA /* QuestionReader.h */ = {isa = PBXFileReference; fileEncoding = 4; lastKnownFileType = sourcecode.c.h; path = QuestionReader.h; sourceTree = "<group>"; };
		555F5DD118EFF8FF000950CA /* QuestionReader.m */ = {isa = PBXFileReference; fileEncoding = 4; lastKnownFileType = sourcecode.c.objc; path = QuestionReader.m; sourceTree = "<group>"; };
		555F5DD318F1A192000950CA /* QuestionTypes.h */ = {isa = PBXFileReference; lastKnownFileType = sourcecode.c.h; path = QuestionTypes.h; sourceTree = "<group>"; };
		555F5DD518F33CD2000950CA /* NSArray+Util.h */ = {isa = PBXFileReference; fileEncoding = 4; lastKnownFileType = sourcecode.c.h; path = "NSArray+Util.h"; sourceTree = "<group>"; };
		555F5DD618F33CD2000950CA /* NSArray+Util.m */ = {isa = PBXFileReference; fileEncoding = 4; lastKnownFileType = sourcecode.c.objc; path = "NSArray+Util.m"; sourceTree = "<group>"; };
		555F5DDA18F356B3000950CA /* QuestionView.h */ = {isa = PBXFileReference; fileEncoding = 4; lastKnownFileType = sourcecode.c.h; path = QuestionView.h; sourceTree = "<group>"; };
		555F5DDB18F356B3000950CA /* QuestionView.m */ = {isa = PBXFileReference; fileEncoding = 4; lastKnownFileType = sourcecode.c.objc; path = QuestionView.m; sourceTree = "<group>"; };
		555F5DDE18F3CBAB000950CA /* QuestionViewControllerTypes.h */ = {isa = PBXFileReference; lastKnownFileType = sourcecode.c.h; path = QuestionViewControllerTypes.h; sourceTree = "<group>"; };
		555F5DDF18F3D70D000950CA /* MapKit.framework */ = {isa = PBXFileReference; lastKnownFileType = wrapper.framework; name = MapKit.framework; path = System/Library/Frameworks/MapKit.framework; sourceTree = SDKROOT; };
		55C7A1CC18F81B960077BBF0 /* UIImage+Crop.h */ = {isa = PBXFileReference; fileEncoding = 4; lastKnownFileType = sourcecode.c.h; path = "UIImage+Crop.h"; sourceTree = "<group>"; };
		55C7A1CD18F81B960077BBF0 /* UIImage+Crop.m */ = {isa = PBXFileReference; fileEncoding = 4; lastKnownFileType = sourcecode.c.objc; path = "UIImage+Crop.m"; sourceTree = "<group>"; };
		55E00A8418F44095007E97A6 /* NegativeReplies.plist */ = {isa = PBXFileReference; fileEncoding = 4; lastKnownFileType = text.plist.xml; path = NegativeReplies.plist; sourceTree = "<group>"; };
		55E00A8618F4449A007E97A6 /* PositiveReplies.plist */ = {isa = PBXFileReference; fileEncoding = 4; lastKnownFileType = text.plist.xml; path = PositiveReplies.plist; sourceTree = "<group>"; };
		55E00A8818F44727007E97A6 /* ReplyReader.h */ = {isa = PBXFileReference; fileEncoding = 4; lastKnownFileType = sourcecode.c.h; path = ReplyReader.h; sourceTree = "<group>"; };
		55E00A8918F44727007E97A6 /* ReplyReader.m */ = {isa = PBXFileReference; fileEncoding = 4; lastKnownFileType = sourcecode.c.objc; path = ReplyReader.m; sourceTree = "<group>"; };
		55E00A8B18F458F0007E97A6 /* UIViewController+Alerts.h */ = {isa = PBXFileReference; fileEncoding = 4; lastKnownFileType = sourcecode.c.h; path = "UIViewController+Alerts.h"; sourceTree = "<group>"; };
		55E00A8C18F458F0007E97A6 /* UIViewController+Alerts.m */ = {isa = PBXFileReference; fileEncoding = 4; lastKnownFileType = sourcecode.c.objc; path = "UIViewController+Alerts.m"; sourceTree = "<group>"; };
		55E00A9018F4628D007E97A6 /* ImageProvider.h */ = {isa = PBXFileReference; fileEncoding = 4; lastKnownFileType = sourcecode.c.h; path = ImageProvider.h; sourceTree = "<group>"; };
		55E00A9118F4628D007E97A6 /* ImageProvider.m */ = {isa = PBXFileReference; fileEncoding = 4; lastKnownFileType = sourcecode.c.objc; path = ImageProvider.m; sourceTree = "<group>"; };
		55E00A9318F46704007E97A6 /* UIImage+Split.h */ = {isa = PBXFileReference; fileEncoding = 4; lastKnownFileType = sourcecode.c.h; path = "UIImage+Split.h"; sourceTree = "<group>"; };
		55E00A9418F46704007E97A6 /* UIImage+Split.m */ = {isa = PBXFileReference; fileEncoding = 4; lastKnownFileType = sourcecode.c.objc; path = "UIImage+Split.m"; sourceTree = "<group>"; };
		55E00A9A18F46E6A007E97A6 /* PuzzleBackgrounds.xcassets */ = {isa = PBXFileReference; lastKnownFileType = folder.assetcatalog; path = PuzzleBackgrounds.xcassets; sourceTree = "<group>"; };
		55E00A9C18F485F3007E97A6 /* PuzzlePiece.h */ = {isa = PBXFileReference; fileEncoding = 4; lastKnownFileType = sourcecode.c.h; path = PuzzlePiece.h; sourceTree = "<group>"; };
		55E00A9D18F485F3007E97A6 /* PuzzlePiece.m */ = {isa = PBXFileReference; fileEncoding = 4; lastKnownFileType = sourcecode.c.objc; path = PuzzlePiece.m; sourceTree = "<group>"; };
		55E00A9F18F49E8C007E97A6 /* MapAnnotation.h */ = {isa = PBXFileReference; fileEncoding = 4; lastKnownFileType = sourcecode.c.h; path = MapAnnotation.h; sourceTree = "<group>"; };
		55E00AA018F49E8C007E97A6 /* MapAnnotation.m */ = {isa = PBXFileReference; fileEncoding = 4; lastKnownFileType = sourcecode.c.objc; path = MapAnnotation.m; sourceTree = "<group>"; };
		55EE1BF118F581CF00B8A737 /* TimeLineCanvasViewController.h */ = {isa = PBXFileReference; fileEncoding = 4; lastKnownFileType = sourcecode.c.h; path = TimeLineCanvasViewController.h; sourceTree = "<group>"; };
		55EE1BF218F581CF00B8A737 /* TimeLineCanvasViewController.m */ = {isa = PBXFileReference; fileEncoding = 4; lastKnownFileType = sourcecode.c.objc; path = TimeLineCanvasViewController.m; sourceTree = "<group>"; };
		55EE1BF418F582FB00B8A737 /* TimeLineCanvas.h */ = {isa = PBXFileReference; fileEncoding = 4; lastKnownFileType = sourcecode.c.h; path = TimeLineCanvas.h; sourceTree = "<group>"; };
		55EE1BF518F582FB00B8A737 /* TimeLineCanvas.m */ = {isa = PBXFileReference; fileEncoding = 4; lastKnownFileType = sourcecode.c.objc; path = TimeLineCanvas.m; sourceTree = "<group>"; };
		55EE1BF918F583C900B8A737 /* Story.h */ = {isa = PBXFileReference; fileEncoding = 4; lastKnownFileType = sourcecode.c.h; path = Story.h; sourceTree = "<group>"; };
		55EE1BFA18F583C900B8A737 /* Story.m */ = {isa = PBXFileReference; fileEncoding = 4; lastKnownFileType = sourcecode.c.objc; path = Story.m; sourceTree = "<group>"; };
		55EE1BFC18F585D000B8A737 /* TimeLineView.h */ = {isa = PBXFileReference; fileEncoding = 4; lastKnownFileType = sourcecode.c.h; path = TimeLineView.h; sourceTree = "<group>"; };
		55EE1BFD18F585D000B8A737 /* TimeLineView.m */ = {isa = PBXFileReference; fileEncoding = 4; lastKnownFileType = sourcecode.c.objc; path = TimeLineView.m; sourceTree = "<group>"; };
		55EE1C0218F5970B00B8A737 /* StoryThumbnail.h */ = {isa = PBXFileReference; fileEncoding = 4; lastKnownFileType = sourcecode.c.h; path = StoryThumbnail.h; sourceTree = "<group>"; };
		55EE1C0318F5970B00B8A737 /* StoryThumbnail.m */ = {isa = PBXFileReference; fileEncoding = 4; lastKnownFileType = sourcecode.c.objc; path = StoryThumbnail.m; sourceTree = "<group>"; };
		55EE1C0518F5974500B8A737 /* Colors.h */ = {isa = PBXFileReference; lastKnownFileType = sourcecode.c.h; path = Colors.h; sourceTree = "<group>"; };
		55EE1C0618F5A07A00B8A737 /* UIView+FrameModification.h */ = {isa = PBXFileReference; fileEncoding = 4; lastKnownFileType = sourcecode.c.h; path = "UIView+FrameModification.h"; sourceTree = "<group>"; };
		55EE1C0718F5A07A00B8A737 /* UIView+FrameModification.m */ = {isa = PBXFileReference; fileEncoding = 4; lastKnownFileType = sourcecode.c.objc; path = "UIView+FrameModification.m"; sourceTree = "<group>"; };
		55EE1C0918F5A9C600B8A737 /* Stories.xcassets */ = {isa = PBXFileReference; lastKnownFileType = folder.assetcatalog; path = Stories.xcassets; sourceTree = "<group>"; };
		55EE1C0B18F5AC6A00B8A737 /* Stories.plist */ = {isa = PBXFileReference; fileEncoding = 4; lastKnownFileType = text.plist.xml; path = Stories.plist; sourceTree = "<group>"; };
		55EE1C0D18F5AEAE00B8A737 /* StoryBuilder.h */ = {isa = PBXFileReference; fileEncoding = 4; lastKnownFileType = sourcecode.c.h; path = StoryBuilder.h; sourceTree = "<group>"; };
		55EE1C0E18F5AEAE00B8A737 /* StoryBuilder.m */ = {isa = PBXFileReference; fileEncoding = 4; lastKnownFileType = sourcecode.c.objc; path = StoryBuilder.m; sourceTree = "<group>"; };
		55EE1C1318F5EA6800B8A737 /* StoryViewController.h */ = {isa = PBXFileReference; fileEncoding = 4; lastKnownFileType = sourcecode.c.h; path = StoryViewController.h; sourceTree = "<group>"; };
		55EE1C1418F5EA6800B8A737 /* StoryViewController.m */ = {isa = PBXFileReference; fileEncoding = 4; lastKnownFileType = sourcecode.c.objc; path = StoryViewController.m; sourceTree = "<group>"; };
		55EE1C1618F5EAA200B8A737 /* StoryViewController.xib */ = {isa = PBXFileReference; fileEncoding = 4; lastKnownFileType = file.xib; path = StoryViewController.xib; sourceTree = "<group>"; };
/* End PBXFileReference section */

/* Begin PBXFrameworksBuildPhase section */
		555F5D6118EF02D1000950CA /* Frameworks */ = {
			isa = PBXFrameworksBuildPhase;
			buildActionMask = 2147483647;
			files = (
				552AFED318F9B52000EA626E /* QuartzCore.framework in Frameworks */,
				555F5DE018F3D70D000950CA /* MapKit.framework in Frameworks */,
				555F5D6A18EF02D2000950CA /* CoreGraphics.framework in Frameworks */,
				555F5D6C18EF02D2000950CA /* UIKit.framework in Frameworks */,
				555F5D6818EF02D2000950CA /* Foundation.framework in Frameworks */,
			);
			runOnlyForDeploymentPostprocessing = 0;
		};
		555F5D8218EF02D2000950CA /* Frameworks */ = {
			isa = PBXFrameworksBuildPhase;
			buildActionMask = 2147483647;
			files = (
				555F5D8718EF02D2000950CA /* XCTest.framework in Frameworks */,
				555F5D8918EF02D2000950CA /* UIKit.framework in Frameworks */,
				555F5D8818EF02D2000950CA /* Foundation.framework in Frameworks */,
			);
			runOnlyForDeploymentPostprocessing = 0;
		};
/* End PBXFrameworksBuildPhase section */

/* Begin PBXGroup section */
		552AFEBB18F9874300EA626E /* Help shake */ = {
			isa = PBXGroup;
			children = (
				552AFEBE18F9877C00EA626E /* FrustrationShakeViewController.xib */,
				552AFEBF18F9877C00EA626E /* Graphic_PhoneShake.png */,
				552AFEC018F9877C00EA626E /* UIViewController+FrustrationShake.h */,
				552AFEC118F9877C00EA626E /* UIViewController+FrustrationShake.m */,
				552AFEC618F9885200EA626E /* HelpShakeViewController.h */,
				552AFEC718F9885200EA626E /* HelpShakeViewController.m */,
				552AFEC818F9885200EA626E /* HelpShakeViewController_Game.xib */,
				552AFECB18F9908C00EA626E /* HelpShakeViewController_Questions.xib */,
				552AFECD18F9A94B00EA626E /* HelpShakeViewController_TimeLineCanvas.xib */,
			);
			name = "Help shake";
			sourceTree = "<group>";
		};
		555F5D5B18EF02D1000950CA = {
			isa = PBXGroup;
			children = (
				555F5D6D18EF02D2000950CA /* WWDC14 */,
				555F5D8C18EF02D2000950CA /* WWDC14Tests */,
				555F5D6618EF02D1000950CA /* Frameworks */,
				555F5D6518EF02D1000950CA /* Products */,
			);
			sourceTree = "<group>";
		};
		555F5D6518EF02D1000950CA /* Products */ = {
			isa = PBXGroup;
			children = (
				555F5D6418EF02D1000950CA /* Puzzle Me.app */,
				555F5D8518EF02D2000950CA /* WWDC14Tests.xctest */,
			);
			name = Products;
			sourceTree = "<group>";
		};
		555F5D6618EF02D1000950CA /* Frameworks */ = {
			isa = PBXGroup;
			children = (
				552AFED218F9B52000EA626E /* QuartzCore.framework */,
				555F5DDF18F3D70D000950CA /* MapKit.framework */,
				555F5D6718EF02D2000950CA /* Foundation.framework */,
				555F5D6918EF02D2000950CA /* CoreGraphics.framework */,
				555F5D6B18EF02D2000950CA /* UIKit.framework */,
				555F5D8618EF02D2000950CA /* XCTest.framework */,
			);
			name = Frameworks;
			sourceTree = "<group>";
		};
		555F5D6D18EF02D2000950CA /* WWDC14 */ = {
			isa = PBXGroup;
			children = (
				555F5D7618EF02D2000950CA /* AppDelegate.h */,
				555F5D7718EF02D2000950CA /* AppDelegate.m */,
				555F5D7918EF02D2000950CA /* Main.storyboard */,
				555F5DAB18EF1C9D000950CA /* View Controllers */,
				555F5DAC18EF1CBF000950CA /* UI */,
				555F5DAD18EF1CCE000950CA /* Model */,
				555F5DCF18EFF8E8000950CA /* Content provider */,
				552AFEBB18F9874300EA626E /* Help shake */,
				555F5DD418F33CAB000950CA /* Util */,
				555F5D7F18EF02D2000950CA /* Images.xcassets */,
				55C7A1CF18F870C60077BBF0 /* Content */,
				555F5D6E18EF02D2000950CA /* Supporting Files */,
			);
			path = WWDC14;
			sourceTree = "<group>";
		};
		555F5D6E18EF02D2000950CA /* Supporting Files */ = {
			isa = PBXGroup;
			children = (
				555F5D6F18EF02D2000950CA /* WWDC14-Info.plist */,
				555F5D7018EF02D2000950CA /* InfoPlist.strings */,
				555F5D7318EF02D2000950CA /* main.m */,
				555F5D7518EF02D2000950CA /* WWDC14-Prefix.pch */,
			);
			name = "Supporting Files";
			sourceTree = "<group>";
		};
		555F5D8C18EF02D2000950CA /* WWDC14Tests */ = {
			isa = PBXGroup;
			children = (
				555F5D9218EF02D2000950CA /* WWDC14Tests.m */,
				555F5D8D18EF02D2000950CA /* Supporting Files */,
			);
			path = WWDC14Tests;
			sourceTree = "<group>";
		};
		555F5D8D18EF02D2000950CA /* Supporting Files */ = {
			isa = PBXGroup;
			children = (
				555F5D8E18EF02D2000950CA /* WWDC14Tests-Info.plist */,
				555F5D8F18EF02D2000950CA /* InfoPlist.strings */,
			);
			name = "Supporting Files";
			sourceTree = "<group>";
		};
		555F5DAB18EF1C9D000950CA /* View Controllers */ = {
			isa = PBXGroup;
			children = (
				55EE1C0018F596CC00B8A737 /* Game */,
				55EE1BFF18F596AF00B8A737 /* Time line canvas */,
			);
			name = "View Controllers";
			sourceTree = "<group>";
		};
		555F5DAC18EF1CBF000950CA /* UI */ = {
			isa = PBXGroup;
			children = (
				55EE1C0118F596F400B8A737 /* Time line */,
				555F5DD918F35698000950CA /* QuestionView */,
				555F5DD818F3568B000950CA /* Grid */,
			);
			name = UI;
			sourceTree = "<group>";
		};
		555F5DAD18EF1CCE000950CA /* Model */ = {
			isa = PBXGroup;
			children = (
				55EE1BF818F583B600B8A737 /* Time line */,
				55EE1BF718F583A200B8A737 /* Game */,
			);
			name = Model;
			sourceTree = "<group>";
		};
		555F5DCF18EFF8E8000950CA /* Content provider */ = {
			isa = PBXGroup;
			children = (
				555F5DD018EFF8FF000950CA /* QuestionReader.h */,
				555F5DD118EFF8FF000950CA /* QuestionReader.m */,
				55E00A8818F44727007E97A6 /* ReplyReader.h */,
				55E00A8918F44727007E97A6 /* ReplyReader.m */,
				55E00A9018F4628D007E97A6 /* ImageProvider.h */,
				55E00A9118F4628D007E97A6 /* ImageProvider.m */,
				55EE1C0D18F5AEAE00B8A737 /* StoryBuilder.h */,
				55EE1C0E18F5AEAE00B8A737 /* StoryBuilder.m */,
			);
			name = "Content provider";
			sourceTree = "<group>";
		};
		555F5DD418F33CAB000950CA /* Util */ = {
			isa = PBXGroup;
			children = (
				55EE1C0618F5A07A00B8A737 /* UIView+FrameModification.h */,
				55EE1C0718F5A07A00B8A737 /* UIView+FrameModification.m */,
				55E00A8B18F458F0007E97A6 /* UIViewController+Alerts.h */,
				55E00A8C18F458F0007E97A6 /* UIViewController+Alerts.m */,
				555F5DD518F33CD2000950CA /* NSArray+Util.h */,
				555F5DD618F33CD2000950CA /* NSArray+Util.m */,
				55E00A9318F46704007E97A6 /* UIImage+Split.h */,
				55E00A9418F46704007E97A6 /* UIImage+Split.m */,
				55EE1C0518F5974500B8A737 /* Colors.h */,
				55C7A1CC18F81B960077BBF0 /* UIImage+Crop.h */,
				55C7A1CD18F81B960077BBF0 /* UIImage+Crop.m */,
				554F837218F89D0B00EFA004 /* RotationTabBarController.h */,
				554F837318F89D0B00EFA004 /* RotationTabBarController.m */,
				552AFEB818F9245800EA626E /* UIView+Decoration.h */,
				552AFEB918F9245800EA626E /* UIView+Decoration.m */,
			);
			name = Util;
			sourceTree = "<group>";
		};
		555F5DD818F3568B000950CA /* Grid */ = {
			isa = PBXGroup;
			children = (
				555F5DA218EF12DD000950CA /* GridViewSelection.h */,
				555F5DA618EF172A000950CA /* GridView.h */,
				555F5DA718EF172A000950CA /* GridView.m */,
				555F5DB718EFE097000950CA /* PuzzleGameGridView.h */,
				555F5DB818EFE097000950CA /* PuzzleGameGridView.m */,
			);
			name = Grid;
			sourceTree = "<group>";
		};
		555F5DD918F35698000950CA /* QuestionView */ = {
			isa = PBXGroup;
			children = (
				555F5DDA18F356B3000950CA /* QuestionView.h */,
				555F5DDB18F356B3000950CA /* QuestionView.m */,
				55E00A9C18F485F3007E97A6 /* PuzzlePiece.h */,
				55E00A9D18F485F3007E97A6 /* PuzzlePiece.m */,
				552AFEB518F922BB00EA626E /* CategoryView.h */,
				552AFEB618F922BB00EA626E /* CategoryView.m */,
			);
			name = QuestionView;
			sourceTree = "<group>";
		};
		555F5DDD18F3C986000950CA /* QuestionViewControllers */ = {
			isa = PBXGroup;
			children = (
				555F5DDE18F3CBAB000950CA /* QuestionViewControllerTypes.h */,
				555F5DC018EFEC40000950CA /* QuestionViewController.h */,
				555F5DC118EFEC40000950CA /* QuestionViewController.m */,
				555F5DC518EFF044000950CA /* MultipleChoiceQuestionViewController.h */,
				555F5DC618EFF044000950CA /* MultipleChoiceQuestionViewController.m */,
				555F5DCB18EFF3D5000950CA /* MultipleChoiceQuestionViewController.xib */,
				555F5DC818EFF06D000950CA /* LocationQuestionViewController.h */,
				555F5DC918EFF06D000950CA /* LocationQuestionViewController.m */,
				555F5DC318EFEDE8000950CA /* LocationQuestionViewController.xib */,
				55E00A9F18F49E8C007E97A6 /* MapAnnotation.h */,
				55E00AA018F49E8C007E97A6 /* MapAnnotation.m */,
			);
			name = QuestionViewControllers;
			sourceTree = "<group>";
		};
		55C7A1CF18F870C60077BBF0 /* Content */ = {
			isa = PBXGroup;
			children = (
				555F5DCD18EFF78B000950CA /* Questions.plist */,
				55E00A8418F44095007E97A6 /* NegativeReplies.plist */,
				55E00A8618F4449A007E97A6 /* PositiveReplies.plist */,
				55EE1C0B18F5AC6A00B8A737 /* Stories.plist */,
				55E00A9A18F46E6A007E97A6 /* PuzzleBackgrounds.xcassets */,
				55EE1C0918F5A9C600B8A737 /* Stories.xcassets */,
			);
			name = Content;
			sourceTree = "<group>";
		};
		55EE1BF718F583A200B8A737 /* Game */ = {
			isa = PBXGroup;
			children = (
				555F5DAE18EF1CE4000950CA /* Game.h */,
				555F5DAF18EF1CE4000950CA /* Game.m */,
				555F5DB118EF1D11000950CA /* Question.h */,
				555F5DB218EF1D11000950CA /* Question.m */,
				555F5DB418EF1E6C000950CA /* MultipleChoiceQuestion.h */,
				555F5DB518EF1E6C000950CA /* MultipleChoiceQuestion.m */,
				555F5DBA18EFE6A2000950CA /* LocationQuestion.h */,
				555F5DBB18EFE6A2000950CA /* LocationQuestion.m */,
				555F5DD318F1A192000950CA /* QuestionTypes.h */,
			);
			name = Game;
			sourceTree = "<group>";
		};
		55EE1BF818F583B600B8A737 /* Time line */ = {
			isa = PBXGroup;
			children = (
				55EE1BF918F583C900B8A737 /* Story.h */,
				55EE1BFA18F583C900B8A737 /* Story.m */,
			);
			name = "Time line";
			sourceTree = "<group>";
		};
		55EE1BFF18F596AF00B8A737 /* Time line canvas */ = {
			isa = PBXGroup;
			children = (
				55EE1BF118F581CF00B8A737 /* TimeLineCanvasViewController.h */,
				55EE1BF218F581CF00B8A737 /* TimeLineCanvasViewController.m */,
				55EE1C1318F5EA6800B8A737 /* StoryViewController.h */,
				55EE1C1418F5EA6800B8A737 /* StoryViewController.m */,
				55EE1C1618F5EAA200B8A737 /* StoryViewController.xib */,
			);
			name = "Time line canvas";
			sourceTree = "<group>";
		};
		55EE1C0018F596CC00B8A737 /* Game */ = {
			isa = PBXGroup;
			children = (
				555F5DBD18EFE7EC000950CA /* GameViewController.h */,
				555F5DBE18EFE7EC000950CA /* GameViewController.m */,
				555F5DDD18F3C986000950CA /* QuestionViewControllers */,
			);
			name = Game;
			sourceTree = "<group>";
		};
		55EE1C0118F596F400B8A737 /* Time line */ = {
			isa = PBXGroup;
			children = (
				55EE1BF418F582FB00B8A737 /* TimeLineCanvas.h */,
				55EE1BF518F582FB00B8A737 /* TimeLineCanvas.m */,
				55EE1BFC18F585D000B8A737 /* TimeLineView.h */,
				55EE1BFD18F585D000B8A737 /* TimeLineView.m */,
				55EE1C0218F5970B00B8A737 /* StoryThumbnail.h */,
				55EE1C0318F5970B00B8A737 /* StoryThumbnail.m */,
			);
			name = "Time line";
			sourceTree = "<group>";
		};
/* End PBXGroup section */

/* Begin PBXNativeTarget section */
		555F5D6318EF02D1000950CA /* WWDC14 */ = {
			isa = PBXNativeTarget;
			buildConfigurationList = 555F5D9618EF02D2000950CA /* Build configuration list for PBXNativeTarget "WWDC14" */;
			buildPhases = (
				555F5D6018EF02D1000950CA /* Sources */,
				555F5D6118EF02D1000950CA /* Frameworks */,
				555F5D6218EF02D1000950CA /* Resources */,
			);
			buildRules = (
			);
			dependencies = (
			);
			name = WWDC14;
			productName = WWDC14;
			productReference = 555F5D6418EF02D1000950CA /* Puzzle Me.app */;
			productType = "com.apple.product-type.application";
		};
		555F5D8418EF02D2000950CA /* WWDC14Tests */ = {
			isa = PBXNativeTarget;
			buildConfigurationList = 555F5D9918EF02D2000950CA /* Build configuration list for PBXNativeTarget "WWDC14Tests" */;
			buildPhases = (
				555F5D8118EF02D2000950CA /* Sources */,
				555F5D8218EF02D2000950CA /* Frameworks */,
				555F5D8318EF02D2000950CA /* Resources */,
			);
			buildRules = (
			);
			dependencies = (
				555F5D8B18EF02D2000950CA /* PBXTargetDependency */,
			);
			name = WWDC14Tests;
			productName = WWDC14Tests;
			productReference = 555F5D8518EF02D2000950CA /* WWDC14Tests.xctest */;
			productType = "com.apple.product-type.bundle.unit-test";
		};
/* End PBXNativeTarget section */

/* Begin PBXProject section */
		555F5D5C18EF02D1000950CA /* Project object */ = {
			isa = PBXProject;
			attributes = {
				LastUpgradeCheck = 0510;
				ORGANIZATIONNAME = "Nikolas Burk";
				TargetAttributes = {
					555F5D8418EF02D2000950CA = {
						TestTargetID = 555F5D6318EF02D1000950CA;
					};
				};
			};
			buildConfigurationList = 555F5D5F18EF02D1000950CA /* Build configuration list for PBXProject "WWDC14" */;
			compatibilityVersion = "Xcode 3.2";
			developmentRegion = English;
			hasScannedForEncodings = 0;
			knownRegions = (
				en,
				Base,
			);
			mainGroup = 555F5D5B18EF02D1000950CA;
			productRefGroup = 555F5D6518EF02D1000950CA /* Products */;
			projectDirPath = "";
			projectRoot = "";
			targets = (
				555F5D6318EF02D1000950CA /* WWDC14 */,
				555F5D8418EF02D2000950CA /* WWDC14Tests */,
			);
		};
/* End PBXProject section */

/* Begin PBXResourcesBuildPhase section */
		555F5D6218EF02D1000950CA /* Resources */ = {
			isa = PBXResourcesBuildPhase;
			buildActionMask = 2147483647;
			files = (
				55EE1C0C18F5AC6A00B8A737 /* Stories.plist in Resources */,
				55EE1C1718F5EAA200B8A737 /* StoryViewController.xib in Resources */,
				552AFECA18F9885200EA626E /* HelpShakeViewController_Game.xib in Resources */,
				555F5D8018EF02D2000950CA /* Images.xcassets in Resources */,
				552AFECC18F9908C00EA626E /* HelpShakeViewController_Questions.xib in Resources */,
				555F5DCC18EFF3D5000950CA /* MultipleChoiceQuestionViewController.xib in Resources */,
				555F5D7218EF02D2000950CA /* InfoPlist.strings in Resources */,
				552AFEC318F9877C00EA626E /* FrustrationShakeViewController.xib in Resources */,
				552AFEC418F9877C00EA626E /* Graphic_PhoneShake.png in Resources */,
				55E00A8718F4449A007E97A6 /* PositiveReplies.plist in Resources */,
				55EE1C0A18F5A9C600B8A737 /* Stories.xcassets in Resources */,
				55E00A8518F44095007E97A6 /* NegativeReplies.plist in Resources */,
				552AFECE18F9A94B00EA626E /* HelpShakeViewController_TimeLineCanvas.xib in Resources */,
				55E00A9B18F46E6A007E97A6 /* PuzzleBackgrounds.xcassets in Resources */,
				555F5DCE18EFF78B000950CA /* Questions.plist in Resources */,
				555F5D7B18EF02D2000950CA /* Main.storyboard in Resources */,
				555F5DC418EFEDE8000950CA /* LocationQuestionViewController.xib in Resources */,
			);
			runOnlyForDeploymentPostprocessing = 0;
		};
		555F5D8318EF02D2000950CA /* Resources */ = {
			isa = PBXResourcesBuildPhase;
			buildActionMask = 2147483647;
			files = (
				555F5D9118EF02D2000950CA /* InfoPlist.strings in Resources */,
			);
			runOnlyForDeploymentPostprocessing = 0;
		};
/* End PBXResourcesBuildPhase section */

/* Begin PBXSourcesBuildPhase section */
		555F5D6018EF02D1000950CA /* Sources */ = {
			isa = PBXSourcesBuildPhase;
			buildActionMask = 2147483647;
			files = (
				555F5DD218EFF8FF000950CA /* QuestionReader.m in Sources */,
				55EE1C0418F5970B00B8A737 /* StoryThumbnail.m in Sources */,
				55E00A8A18F44727007E97A6 /* ReplyReader.m in Sources */,
				555F5DBF18EFE7EC000950CA /* GameViewController.m in Sources */,
				55EE1BFB18F583C900B8A737 /* Story.m in Sources */,
				555F5DA818EF172A000950CA /* GridView.m in Sources */,
				555F5DB618EF1E6C000950CA /* MultipleChoiceQuestion.m in Sources */,
				555F5DB018EF1CE4000950CA /* Game.m in Sources */,
				55EE1BF618F582FB00B8A737 /* TimeLineCanvas.m in Sources */,
				55E00AA118F49E8C007E97A6 /* MapAnnotation.m in Sources */,
				555F5DB318EF1D11000950CA /* Question.m in Sources */,
				555F5DC218EFEC40000950CA /* QuestionViewController.m in Sources */,
				552AFEBA18F9245800EA626E /* UIView+Decoration.m in Sources */,
				55E00A9E18F485F3007E97A6 /* PuzzlePiece.m in Sources */,
				554F837418F89D0B00EFA004 /* RotationTabBarController.m in Sources */,
				55EE1C0F18F5AEAE00B8A737 /* StoryBuilder.m in Sources */,
				55E00A9218F4628D007E97A6 /* ImageProvider.m in Sources */,
				555F5DCA18EFF06D000950CA /* LocationQuestionViewController.m in Sources */,
				555F5DC718EFF044000950CA /* MultipleChoiceQuestionViewController.m in Sources */,
				555F5DB918EFE097000950CA /* PuzzleGameGridView.m in Sources */,
				552AFEC518F9877C00EA626E /* UIViewController+FrustrationShake.m in Sources */,
				552AFEC918F9885200EA626E /* HelpShakeViewController.m in Sources */,
				555F5DD718F33CD2000950CA /* NSArray+Util.m in Sources */,
				55EE1C0818F5A07A00B8A737 /* UIView+FrameModification.m in Sources */,
				552AFEB718F922BB00EA626E /* CategoryView.m in Sources */,
				555F5DDC18F356B3000950CA /* QuestionView.m in Sources */,
				555F5D7818EF02D2000950CA /* AppDelegate.m in Sources */,
				55E00A8D18F458F0007E97A6 /* UIViewController+Alerts.m in Sources */,
				55EE1BFE18F585D000B8A737 /* TimeLineView.m in Sources */,
				555F5DBC18EFE6A2000950CA /* LocationQuestion.m in Sources */,
				55E00A9518F46704007E97A6 /* UIImage+Split.m in Sources */,
				555F5D7418EF02D2000950CA /* main.m in Sources */,
				55C7A1CE18F81B960077BBF0 /* UIImage+Crop.m in Sources */,
				55EE1BF318F581CF00B8A737 /* TimeLineCanvasViewController.m in Sources */,
				55EE1C1518F5EA6800B8A737 /* StoryViewController.m in Sources */,
			);
			runOnlyForDeploymentPostprocessing = 0;
		};
		555F5D8118EF02D2000950CA /* Sources */ = {
			isa = PBXSourcesBuildPhase;
			buildActionMask = 2147483647;
			files = (
				555F5D9318EF02D2000950CA /* WWDC14Tests.m in Sources */,
			);
			runOnlyForDeploymentPostprocessing = 0;
		};
/* End PBXSourcesBuildPhase section */

/* Begin PBXTargetDependency section */
		555F5D8B18EF02D2000950CA /* PBXTargetDependency */ = {
			isa = PBXTargetDependency;
			target = 555F5D6318EF02D1000950CA /* WWDC14 */;
			targetProxy = 555F5D8A18EF02D2000950CA /* PBXContainerItemProxy */;
		};
/* End PBXTargetDependency section */

/* Begin PBXVariantGroup section */
		555F5D7018EF02D2000950CA /* InfoPlist.strings */ = {
			isa = PBXVariantGroup;
			children = (
				555F5D7118EF02D2000950CA /* en */,
			);
			name = InfoPlist.strings;
			sourceTree = "<group>";
		};
		555F5D7918EF02D2000950CA /* Main.storyboard */ = {
			isa = PBXVariantGroup;
			children = (
				555F5D7A18EF02D2000950CA /* Base */,
			);
			name = Main.storyboard;
			sourceTree = "<group>";
		};
		555F5D8F18EF02D2000950CA /* InfoPlist.strings */ = {
			isa = PBXVariantGroup;
			children = (
				555F5D9018EF02D2000950CA /* en */,
			);
			name = InfoPlist.strings;
			sourceTree = "<group>";
		};
/* End PBXVariantGroup section */

/* Begin XCBuildConfiguration section */
		555F5D9418EF02D2000950CA /* Debug */ = {
			isa = XCBuildConfiguration;
			buildSettings = {
				ALWAYS_SEARCH_USER_PATHS = NO;
				CLANG_CXX_LANGUAGE_STANDARD = "gnu++0x";
				CLANG_CXX_LIBRARY = "libc++";
				CLANG_ENABLE_MODULES = YES;
				CLANG_ENABLE_OBJC_ARC = YES;
				CLANG_WARN_BOOL_CONVERSION = YES;
				CLANG_WARN_CONSTANT_CONVERSION = YES;
				CLANG_WARN_DIRECT_OBJC_ISA_USAGE = YES_ERROR;
				CLANG_WARN_EMPTY_BODY = YES;
				CLANG_WARN_ENUM_CONVERSION = YES;
				CLANG_WARN_INT_CONVERSION = YES;
				CLANG_WARN_OBJC_ROOT_CLASS = YES_ERROR;
				CLANG_WARN__DUPLICATE_METHOD_MATCH = YES;
				"CODE_SIGN_IDENTITY[sdk=iphoneos*]" = "iPhone Developer";
				COPY_PHASE_STRIP = NO;
				GCC_C_LANGUAGE_STANDARD = gnu99;
				GCC_DYNAMIC_NO_PIC = NO;
				GCC_OPTIMIZATION_LEVEL = 0;
				GCC_PREPROCESSOR_DEFINITIONS = (
					"DEBUG=1",
					"$(inherited)",
				);
				GCC_SYMBOLS_PRIVATE_EXTERN = NO;
				GCC_WARN_64_TO_32_BIT_CONVERSION = YES;
				GCC_WARN_ABOUT_RETURN_TYPE = YES_ERROR;
				GCC_WARN_UNDECLARED_SELECTOR = YES;
				GCC_WARN_UNINITIALIZED_AUTOS = YES_AGGRESSIVE;
				GCC_WARN_UNUSED_FUNCTION = YES;
				GCC_WARN_UNUSED_VARIABLE = YES;
				IPHONEOS_DEPLOYMENT_TARGET = 7.1;
				ONLY_ACTIVE_ARCH = YES;
				SDKROOT = iphoneos;
				TARGETED_DEVICE_FAMILY = 2;
			};
			name = Debug;
		};
		555F5D9518EF02D2000950CA /* Release */ = {
			isa = XCBuildConfiguration;
			buildSettings = {
				ALWAYS_SEARCH_USER_PATHS = NO;
				CLANG_CXX_LANGUAGE_STANDARD = "gnu++0x";
				CLANG_CXX_LIBRARY = "libc++";
				CLANG_ENABLE_MODULES = YES;
				CLANG_ENABLE_OBJC_ARC = YES;
				CLANG_WARN_BOOL_CONVERSION = YES;
				CLANG_WARN_CONSTANT_CONVERSION = YES;
				CLANG_WARN_DIRECT_OBJC_ISA_USAGE = YES_ERROR;
				CLANG_WARN_EMPTY_BODY = YES;
				CLANG_WARN_ENUM_CONVERSION = YES;
				CLANG_WARN_INT_CONVERSION = YES;
				CLANG_WARN_OBJC_ROOT_CLASS = YES_ERROR;
				CLANG_WARN__DUPLICATE_METHOD_MATCH = YES;
				"CODE_SIGN_IDENTITY[sdk=iphoneos*]" = "iPhone Developer";
				COPY_PHASE_STRIP = YES;
				ENABLE_NS_ASSERTIONS = NO;
				GCC_C_LANGUAGE_STANDARD = gnu99;
				GCC_WARN_64_TO_32_BIT_CONVERSION = YES;
				GCC_WARN_ABOUT_RETURN_TYPE = YES_ERROR;
				GCC_WARN_UNDECLARED_SELECTOR = YES;
				GCC_WARN_UNINITIALIZED_AUTOS = YES_AGGRESSIVE;
				GCC_WARN_UNUSED_FUNCTION = YES;
				GCC_WARN_UNUSED_VARIABLE = YES;
				IPHONEOS_DEPLOYMENT_TARGET = 7.1;
				SDKROOT = iphoneos;
				TARGETED_DEVICE_FAMILY = 2;
				VALIDATE_PRODUCT = YES;
			};
			name = Release;
		};
		555F5D9718EF02D2000950CA /* Debug */ = {
			isa = XCBuildConfiguration;
			buildSettings = {
				ASSETCATALOG_COMPILER_APPICON_NAME = AppIcon;
				ASSETCATALOG_COMPILER_LAUNCHIMAGE_NAME = LaunchImage;
				GCC_PRECOMPILE_PREFIX_HEADER = YES;
				GCC_PREFIX_HEADER = "WWDC14/WWDC14-Prefix.pch";
				INFOPLIST_FILE = "WWDC14/WWDC14-Info.plist";
				PRODUCT_NAME = "Puzzle Me";
				WRAPPER_EXTENSION = app;
			};
			name = Debug;
		};
		555F5D9818EF02D2000950CA /* Release */ = {
			isa = XCBuildConfiguration;
			buildSettings = {
				ASSETCATALOG_COMPILER_APPICON_NAME = AppIcon;
				ASSETCATALOG_COMPILER_LAUNCHIMAGE_NAME = LaunchImage;
				GCC_PRECOMPILE_PREFIX_HEADER = YES;
				GCC_PREFIX_HEADER = "WWDC14/WWDC14-Prefix.pch";
				INFOPLIST_FILE = "WWDC14/WWDC14-Info.plist";
				PRODUCT_NAME = "Puzzle Me";
				WRAPPER_EXTENSION = app;
			};
			name = Release;
		};
		555F5D9A18EF02D2000950CA /* Debug */ = {
			isa = XCBuildConfiguration;
			buildSettings = {
				BUNDLE_LOADER = "$(BUILT_PRODUCTS_DIR)/WWDC14.app/WWDC14";
				FRAMEWORK_SEARCH_PATHS = (
					"$(SDKROOT)/Developer/Library/Frameworks",
					"$(inherited)",
					"$(DEVELOPER_FRAMEWORKS_DIR)",
				);
				GCC_PRECOMPILE_PREFIX_HEADER = YES;
				GCC_PREFIX_HEADER = "WWDC14/WWDC14-Prefix.pch";
				GCC_PREPROCESSOR_DEFINITIONS = (
					"DEBUG=1",
					"$(inherited)",
				);
				INFOPLIST_FILE = "WWDC14Tests/WWDC14Tests-Info.plist";
				PRODUCT_NAME = "$(TARGET_NAME)";
				TEST_HOST = "$(BUNDLE_LOADER)";
				WRAPPER_EXTENSION = xctest;
			};
			name = Debug;
		};
		555F5D9B18EF02D2000950CA /* Release */ = {
			isa = XCBuildConfiguration;
			buildSettings = {
				BUNDLE_LOADER = "$(BUILT_PRODUCTS_DIR)/WWDC14.app/WWDC14";
				FRAMEWORK_SEARCH_PATHS = (
					"$(SDKROOT)/Developer/Library/Frameworks",
					"$(inherited)",
					"$(DEVELOPER_FRAMEWORKS_DIR)",
				);
				GCC_PRECOMPILE_PREFIX_HEADER = YES;
				GCC_PREFIX_HEADER = "WWDC14/WWDC14-Prefix.pch";
				INFOPLIST_FILE = "WWDC14Tests/WWDC14Tests-Info.plist";
				PRODUCT_NAME = "$(TARGET_NAME)";
				TEST_HOST = "$(BUNDLE_LOADER)";
				WRAPPER_EXTENSION = xctest;
			};
			name = Release;
		};
/* End XCBuildConfiguration section */

/* Begin XCConfigurationList section */
		555F5D5F18EF02D1000950CA /* Build configuration list for PBXProject "WWDC14" */ = {
			isa = XCConfigurationList;
			buildConfigurations = (
				555F5D9418EF02D2000950CA /* Debug */,
				555F5D9518EF02D2000950CA /* Release */,
			);
			defaultConfigurationIsVisible = 0;
			defaultConfigurationName = Release;
		};
		555F5D9618EF02D2000950CA /* Build configuration list for PBXNativeTarget "WWDC14" */ = {
			isa = XCConfigurationList;
			buildConfigurations = (
				555F5D9718EF02D2000950CA /* Debug */,
				555F5D9818EF02D2000950CA /* Release */,
			);
			defaultConfigurationIsVisible = 0;
			defaultConfigurationName = Release;
		};
		555F5D9918EF02D2000950CA /* Build configuration list for PBXNativeTarget "WWDC14Tests" */ = {
			isa = XCConfigurationList;
			buildConfigurations = (
				555F5D9A18EF02D2000950CA /* Debug */,
				555F5D9B18EF02D2000950CA /* Release */,
			);
			defaultConfigurationIsVisible = 0;
			defaultConfigurationName = Release;
		};
/* End XCConfigurationList section */
	};
	rootObject = 555F5D5C18EF02D1000950CA /* Project object */;
}
